
Microsoft Visual Studio Solution File, Format Version 12.00
# Visual Studio Version 17
VisualStudioVersion = 17.10.35122.118
MinimumVisualStudioVersion = 10.0.40219.1
Project("{FAE04EC0-301F-11D3-BF4B-00C04F79EFBC}") = "TagsagNyilvantarto", "TagsagNyilvantarto\TagsagNyilvantarto.csproj", "{26D392F5-D6E6-423B-9DFB-C58185A7F192}"
EndProject
Project("{2150E333-8FDC-42A3-9474-1A3956D46DE8}") = "Solution Items", "Solution Items", "{E3558758-29AB-4452-8563-479D8D10CCF3}"
	ProjectSection(SolutionItems) = preProject
		.editorconfig = .editorconfig
		Directory.Build.props = Directory.Build.props
	EndProjectSection
EndProject
Global
	GlobalSection(SolutionConfigurationPlatforms) = preSolution
		Debug|Any CPU = Debug|Any CPU
		Release|Any CPU = Release|Any CPU
	EndGlobalSection
	GlobalSection(ProjectConfigurationPlatforms) = postSolution
		{26D392F5-D6E6-423B-9DFB-C58185A7F192}.Debug|Any CPU.ActiveCfg = Debug|Any CPU
		{26D392F5-D6E6-423B-9DFB-C58185A7F192}.Debug|Any CPU.Build.0 = Debug|Any CPU
		{26D392F5-D6E6-423B-9DFB-C58185A7F192}.Release|Any CPU.ActiveCfg = Release|Any CPU
		{26D392F5-D6E6-423B-9DFB-C58185A7F192}.Release|Any CPU.Build.0 = Release|Any CPU
	EndGlobalSection
	GlobalSection(SolutionProperties) = preSolution
		HideSolutionNode = FALSE
	EndGlobalSection
	GlobalSection(ExtensibilityGlobals) = postSolution
		SolutionGuid = {E427DE78-08D6-41F4-829B-01FEC01078BC}
	EndGlobalSection
EndGlobal
